
Microsoft Visual Studio Solution File, Format Version 12.00
# Visual Studio Version 17
VisualStudioVersion = 17.5.33516.290
MinimumVisualStudioVersion = 10.0.40219.1
Project("{2150E333-8FDC-42A3-9474-1A3956D46DE8}") = "Éléments de solution", "Éléments de solution", "{9F0821F8-0106-4C19-9FD0-E010F8DBCACA}"
	ProjectSection(SolutionItems) = preProject
		..\appveyor.yml = ..\appveyor.yml
		..\clones.ps1 = ..\clones.ps1
		..\LICENSE = ..\LICENSE
		..\README.md = ..\README.md
	EndProjectSection
EndProject
Project("{2150E333-8FDC-42A3-9474-1A3956D46DE8}") = "Solution Items", "Solution Items", "{E864EAD9-A689-4647-9F9D-A02627187A74}"
	ProjectSection(SolutionItems) = preProject
		Dockerfile.Ubuntu = Dockerfile.Ubuntu
		Dockerfile.Windows = Dockerfile.Windows
	EndProjectSection
EndProject
Project("{2150E333-8FDC-42A3-9474-1A3956D46DE8}") = ".appveyor", ".appveyor", "{9D77DE9E-D790-43E9-A176-B37B81994A9E}"
	ProjectSection(SolutionItems) = preProject
		..\.appveyor\build.ps1 = ..\.appveyor\build.ps1
		..\.appveyor\deploy.ps1 = ..\.appveyor\deploy.ps1
		..\.appveyor\help.txt = ..\.appveyor\help.txt
		..\.appveyor\test.ps1 = ..\.appveyor\test.ps1
	EndProjectSection
EndProject
Project("{2150E333-8FDC-42A3-9474-1A3956D46DE8}") = "Docs", "Docs", "{01E9F556-7EEF-4E19-9141-B87B362032E8}"
EndProject
Project("{9A19103F-16F7-4668-BE54-9A1E7A4F7556}") = "Black.Beard.ParrotServices", "Black.Beard.ParrotServices\Black.Beard.ParrotServices.csproj", "{3B86497A-2E60-4687-AECA-8FC7B5ECFAFC}"
EndProject
Project("{9A19103F-16F7-4668-BE54-9A1E7A4F7556}") = "UnitTests", "UnitTests\UnitTests.csproj", "{96EEB5C6-EBDE-4AE8-8EF6-3BBBE72F287B}"
EndProject
Project("{9A19103F-16F7-4668-BE54-9A1E7A4F7556}") = "Black.Beard.Mocks", "Black.Beard.Mocks\Black.Beard.Mocks.csproj", "{A3AFD0DE-F46E-44EC-A12E-6E1F87053AEA}"
EndProject
Global
	GlobalSection(SolutionConfigurationPlatforms) = preSolution
		Debug|Any CPU = Debug|Any CPU
		Release|Any CPU = Release|Any CPU
	EndGlobalSection
	GlobalSection(ProjectConfigurationPlatforms) = postSolution
		{3B86497A-2E60-4687-AECA-8FC7B5ECFAFC}.Debug|Any CPU.ActiveCfg = Debug|Any CPU
		{3B86497A-2E60-4687-AECA-8FC7B5ECFAFC}.Debug|Any CPU.Build.0 = Debug|Any CPU
		{3B86497A-2E60-4687-AECA-8FC7B5ECFAFC}.Release|Any CPU.ActiveCfg = Release|Any CPU
		{3B86497A-2E60-4687-AECA-8FC7B5ECFAFC}.Release|Any CPU.Build.0 = Release|Any CPU
		{96EEB5C6-EBDE-4AE8-8EF6-3BBBE72F287B}.Debug|Any CPU.ActiveCfg = Debug|Any CPU
		{96EEB5C6-EBDE-4AE8-8EF6-3BBBE72F287B}.Debug|Any CPU.Build.0 = Debug|Any CPU
		{96EEB5C6-EBDE-4AE8-8EF6-3BBBE72F287B}.Release|Any CPU.ActiveCfg = Release|Any CPU
		{96EEB5C6-EBDE-4AE8-8EF6-3BBBE72F287B}.Release|Any CPU.Build.0 = Release|Any CPU
		{A3AFD0DE-F46E-44EC-A12E-6E1F87053AEA}.Debug|Any CPU.ActiveCfg = Debug|Any CPU
		{A3AFD0DE-F46E-44EC-A12E-6E1F87053AEA}.Debug|Any CPU.Build.0 = Debug|Any CPU
		{A3AFD0DE-F46E-44EC-A12E-6E1F87053AEA}.Release|Any CPU.ActiveCfg = Release|Any CPU
		{A3AFD0DE-F46E-44EC-A12E-6E1F87053AEA}.Release|Any CPU.Build.0 = Release|Any CPU
	EndGlobalSection
	GlobalSection(SolutionProperties) = preSolution
		HideSolutionNode = FALSE
	EndGlobalSection
	GlobalSection(NestedProjects) = preSolution
		{9D77DE9E-D790-43E9-A176-B37B81994A9E} = {9F0821F8-0106-4C19-9FD0-E010F8DBCACA}
	EndGlobalSection
	GlobalSection(ExtensibilityGlobals) = postSolution
		SolutionGuid = {DFE72D88-A39D-4255-B2A3-457F46614593}
	EndGlobalSection
EndGlobal
